
Microsoft Visual Studio Solution File, Format Version 12.00
# Visual Studio 15
VisualStudioVersion = 15.0.28307.106
MinimumVisualStudioVersion = 10.0.40219.1
Project("{9A19103F-16F7-4668-BE54-9A1E7A4F7556}") = "ConsoleAppplication", "ConsoleApp\ConsoleAppplication.csproj", "{A521DB55-EB79-4015-BE09-B580E06297CC}"
EndProject
Project("{9A19103F-16F7-4668-BE54-9A1E7A4F7556}") = "NUnitTests", "NUnitTestProject\NUnitTests.csproj", "{D9DE2A84-FA83-4CE0-A7EB-9D318B185D40}"
EndProject
Project("{9A19103F-16F7-4668-BE54-9A1E7A4F7556}") = "RiskAnalyser", "RiskAnalyser\RiskAnalyser.csproj", "{2CD0BB3C-AF4B-4740-AF2F-4ABF1975DA9F}"
EndProject
Global
	GlobalSection(SolutionConfigurationPlatforms) = preSolution
		Debug|Any CPU = Debug|Any CPU
		Release|Any CPU = Release|Any CPU
	EndGlobalSection
	GlobalSection(ProjectConfigurationPlatforms) = postSolution
		{A521DB55-EB79-4015-BE09-B580E06297CC}.Debug|Any CPU.ActiveCfg = Debug|Any CPU
		{A521DB55-EB79-4015-BE09-B580E06297CC}.Debug|Any CPU.Build.0 = Debug|Any CPU
		{A521DB55-EB79-4015-BE09-B580E06297CC}.Release|Any CPU.ActiveCfg = Release|Any CPU
		{A521DB55-EB79-4015-BE09-B580E06297CC}.Release|Any CPU.Build.0 = Release|Any CPU
		{D9DE2A84-FA83-4CE0-A7EB-9D318B185D40}.Debug|Any CPU.ActiveCfg = Debug|Any CPU
		{D9DE2A84-FA83-4CE0-A7EB-9D318B185D40}.Debug|Any CPU.Build.0 = Debug|Any CPU
		{D9DE2A84-FA83-4CE0-A7EB-9D318B185D40}.Release|Any CPU.ActiveCfg = Release|Any CPU
		{D9DE2A84-FA83-4CE0-A7EB-9D318B185D40}.Release|Any CPU.Build.0 = Release|Any CPU
		{2CD0BB3C-AF4B-4740-AF2F-4ABF1975DA9F}.Debug|Any CPU.ActiveCfg = Debug|Any CPU
		{2CD0BB3C-AF4B-4740-AF2F-4ABF1975DA9F}.Debug|Any CPU.Build.0 = Debug|Any CPU
		{2CD0BB3C-AF4B-4740-AF2F-4ABF1975DA9F}.Release|Any CPU.ActiveCfg = Release|Any CPU
		{2CD0BB3C-AF4B-4740-AF2F-4ABF1975DA9F}.Release|Any CPU.Build.0 = Release|Any CPU
	EndGlobalSection
	GlobalSection(SolutionProperties) = preSolution
		HideSolutionNode = FALSE
	EndGlobalSection
	GlobalSection(ExtensibilityGlobals) = postSolution
		SolutionGuid = {B56704AB-BC02-4AB1-8904-ED9277D792DE}
	EndGlobalSection
EndGlobal
